
Microsoft Visual Studio Solution File, Format Version 12.00
# Visual Studio 2013
VisualStudioVersion = 12.0.30110.0
MinimumVisualStudioVersion = 10.0.40219.1
Project("{8BC9CEB8-8B4A-11D0-8D11-00A0C91BC942}") = "Project", "Project.vcxproj", "{DEF0A43A-1260-47DD-83BB-482185B420B1}"
EndProject
Global
	GlobalSection(SolutionConfigurationPlatforms) = preSolution
		Debug|Win32 = Debug|Win32
		Release|Win32 = Release|Win32
	EndGlobalSection
	GlobalSection(ProjectConfigurationPlatforms) = postSolution
		{DEF0A43A-1260-47DD-83BB-482185B420B1}.Debug|Win32.ActiveCfg = Debug|Win32
		{DEF0A43A-1260-47DD-83BB-482185B420B1}.Debug|Win32.Build.0 = Debug|Win32
		{DEF0A43A-1260-47DD-83BB-482185B420B1}.Release|Win32.ActiveCfg = Release|Win32
		{DEF0A43A-1260-47DD-83BB-482185B420B1}.Release|Win32.Build.0 = Release|Win32
	EndGlobalSection
	GlobalSection(SolutionProperties) = preSolution
		HideSolutionNode = FALSE
	EndGlobalSection
EndGlobal
